
Microsoft Visual Studio Solution File, Format Version 12.00
# Visual Studio 15
VisualStudioVersion = 15.0.28307.438
MinimumVisualStudioVersion = 10.0.40219.1
Project("{FAE04EC0-301F-11D3-BF4B-00C04F79EFBC}") = "QuanLySinhVien", "QuanLySinhVien.csproj", "{AC47D45B-D4D4-4BD9-A1A3-C78DF30ABE02}"
EndProject
Global
	GlobalSection(SolutionConfigurationPlatforms) = preSolution
		Debug|Any CPU = Debug|Any CPU
		Release|Any CPU = Release|Any CPU
	EndGlobalSection
	GlobalSection(ProjectConfigurationPlatforms) = postSolution
		{AC47D45B-D4D4-4BD9-A1A3-C78DF30ABE02}.Debug|Any CPU.ActiveCfg = Debug|Any CPU
		{AC47D45B-D4D4-4BD9-A1A3-C78DF30ABE02}.Debug|Any CPU.Build.0 = Debug|Any CPU
		{AC47D45B-D4D4-4BD9-A1A3-C78DF30ABE02}.Release|Any CPU.ActiveCfg = Release|Any CPU
		{AC47D45B-D4D4-4BD9-A1A3-C78DF30ABE02}.Release|Any CPU.Build.0 = Release|Any CPU
	EndGlobalSection
	GlobalSection(SolutionProperties) = preSolution
		HideSolutionNode = FALSE
	EndGlobalSection
	GlobalSection(ExtensibilityGlobals) = postSolution
		SolutionGuid = {F4443265-C0A2-4F97-A3E7-EDCC714DC78D}
	EndGlobalSection
EndGlobal
